{
  "name": "hello_node",
  "version": "0.0.1",
  "lockfileVersion": 1,
  "requires": true,
  "dependencies": {
    "honkify": {
      "version": "0.2.0",
      "resolved": "https://registry.npmjs.org/honkify/-/honkify-0.2.0.tgz",
      "integrity": "sha512-xR0PgzI0zqrOFJGdQHhNFDuxYgZnhyPAjsX6NcQNU2BatYO4+OCvjmYWYbVELw8rJXdtbnCy6APxe+WeXjKYcA=="
    }
  }
}
